
Microsoft Visual Studio Solution File, Format Version 12.00
# Visual Studio Version 17
VisualStudioVersion = 17.4.33213.308
MinimumVisualStudioVersion = 10.0.40219.1
Project("{FAE04EC0-301F-11D3-BF4B-00C04F79EFBC}") = "xo", "xo\xo.csproj", "{AF1F12DC-C335-4FCD-B503-F5BB2EF8FBBA}"
EndProject
Global
	GlobalSection(SolutionConfigurationPlatforms) = preSolution
		Debug|Any CPU = Debug|Any CPU
		Release|Any CPU = Release|Any CPU
	EndGlobalSection
	GlobalSection(ProjectConfigurationPlatforms) = postSolution
		{AF1F12DC-C335-4FCD-B503-F5BB2EF8FBBA}.Debug|Any CPU.ActiveCfg = Debug|Any CPU
		{AF1F12DC-C335-4FCD-B503-F5BB2EF8FBBA}.Debug|Any CPU.Build.0 = Debug|Any CPU
		{AF1F12DC-C335-4FCD-B503-F5BB2EF8FBBA}.Release|Any CPU.ActiveCfg = Release|Any CPU
		{AF1F12DC-C335-4FCD-B503-F5BB2EF8FBBA}.Release|Any CPU.Build.0 = Release|Any CPU
	EndGlobalSection
	GlobalSection(SolutionProperties) = preSolution
		HideSolutionNode = FALSE
	EndGlobalSection
	GlobalSection(ExtensibilityGlobals) = postSolution
		SolutionGuid = {39DDD482-DEA5-4712-9AC3-7BB6F4C7C186}
	EndGlobalSection
EndGlobal
